// !$*UTF8*$!
{
	archiveVersion = 1;
	classes = {
	};
	objectVersion = 48;
	objects = {

/* Begin PBXBuildFile section */
		1536894324BC824E00E1A6F1 /* LoginViewController.swift in Sources */ = {isa = PBXBuildFile; fileRef = 1536894224BC824D00E1A6F1 /* LoginViewController.swift */; };
		15ECE49224B86A5900C46BD6 /* TodoViewController.swift in Sources */ = {isa = PBXBuildFile; fileRef = 15ECE49124B86A5900C46BD6 /* TodoViewController.swift */; };
		15EDB1F724BA783D000B977B /* CoreDataStack.swift in Sources */ = {isa = PBXBuildFile; fileRef = 15EDB1F624BA783D000B977B /* CoreDataStack.swift */; };
		C708C5AD24BA433800F36584 /* Todos.xcdatamodeld in Sources */ = {isa = PBXBuildFile; fileRef = C708C5AB24BA433800F36584 /* Todos.xcdatamodeld */; };
		C7099B0824AF20BB00FA1535 /* AppDelegate.swift in Sources */ = {isa = PBXBuildFile; fileRef = C7099B0724AF20BB00FA1535 /* AppDelegate.swift */; };
		C7099B0A24AF20BB00FA1535 /* ViewController.swift in Sources */ = {isa = PBXBuildFile; fileRef = C7099B0924AF20BB00FA1535 /* ViewController.swift */; };
		C7099B0D24AF20BB00FA1535 /* Main.storyboard in Resources */ = {isa = PBXBuildFile; fileRef = C7099B0B24AF20BB00FA1535 /* Main.storyboard */; };
		C7099B0F24AF20BB00FA1535 /* Assets.xcassets in Resources */ = {isa = PBXBuildFile; fileRef = C7099B0E24AF20BB00FA1535 /* Assets.xcassets */; };
		C7099B1224AF20BB00FA1535 /* LaunchScreen.storyboard in Resources */ = {isa = PBXBuildFile; fileRef = C7099B1024AF20BB00FA1535 /* LaunchScreen.storyboard */; };
		C74CC23624B0729F004748B0 /* TodoTableViewController.swift in Sources */ = {isa = PBXBuildFile; fileRef = C74CC23524B0729F004748B0 /* TodoTableViewController.swift */; };
/* End PBXBuildFile section */

/* Begin PBXFileReference section */
		1536894224BC824D00E1A6F1 /* LoginViewController.swift */ = {isa = PBXFileReference; lastKnownFileType = sourcecode.swift; path = LoginViewController.swift; sourceTree = "<group>"; };
		15ECE49124B86A5900C46BD6 /* TodoViewController.swift */ = {isa = PBXFileReference; lastKnownFileType = sourcecode.swift; path = TodoViewController.swift; sourceTree = "<group>"; };
		15EDB1F624BA783D000B977B /* CoreDataStack.swift */ = {isa = PBXFileReference; lastKnownFileType = sourcecode.swift; path = CoreDataStack.swift; sourceTree = "<group>"; };
		C708C5AC24BA433800F36584 /* Todos.xcdatamodel */ = {isa = PBXFileReference; lastKnownFileType = wrapper.xcdatamodel; path = Todos.xcdatamodel; sourceTree = "<group>"; };
		C7099B0424AF20BB00FA1535 /* addtasks.app */ = {isa = PBXFileReference; explicitFileType = wrapper.application; includeInIndex = 0; path = addtasks.app; sourceTree = BUILT_PRODUCTS_DIR; };
		C7099B0724AF20BB00FA1535 /* AppDelegate.swift */ = {isa = PBXFileReference; lastKnownFileType = sourcecode.swift; path = AppDelegate.swift; sourceTree = "<group>"; };
		C7099B0924AF20BB00FA1535 /* ViewController.swift */ = {isa = PBXFileReference; lastKnownFileType = sourcecode.swift; path = ViewController.swift; sourceTree = "<group>"; };
		C7099B0C24AF20BB00FA1535 /* Base */ = {isa = PBXFileReference; lastKnownFileType = file.storyboard; name = Base; path = Base.lproj/Main.storyboard; sourceTree = "<group>"; };
		C7099B0E24AF20BB00FA1535 /* Assets.xcassets */ = {isa = PBXFileReference; lastKnownFileType = folder.assetcatalog; path = Assets.xcassets; sourceTree = "<group>"; };
		C7099B1124AF20BB00FA1535 /* Base */ = {isa = PBXFileReference; lastKnownFileType = file.storyboard; name = Base; path = Base.lproj/LaunchScreen.storyboard; sourceTree = "<group>"; };
		C7099B1324AF20BB00FA1535 /* Info.plist */ = {isa = PBXFileReference; lastKnownFileType = text.plist.xml; path = Info.plist; sourceTree = "<group>"; };
		C74CC23524B0729F004748B0 /* TodoTableViewController.swift */ = {isa = PBXFileReference; lastKnownFileType = sourcecode.swift; path = TodoTableViewController.swift; sourceTree = "<group>"; };
/* End PBXFileReference section */

/* Begin PBXFrameworksBuildPhase section */
		C7099B0124AF20BB00FA1535 /* Frameworks */ = {
			isa = PBXFrameworksBuildPhase;
			buildActionMask = 2147483647;
			files = (
			);
			runOnlyForDeploymentPostprocessing = 0;
		};
/* End PBXFrameworksBuildPhase section */

/* Begin PBXGroup section */
		C708C5AA24BA42F200F36584 /* CoreData */ = {
			isa = PBXGroup;
			children = (
				C708C5AB24BA433800F36584 /* Todos.xcdatamodeld */,
				15EDB1F624BA783D000B977B /* CoreDataStack.swift */,
			);
			path = CoreData;
			sourceTree = "<group>";
		};
		C7099AFB24AF20BA00FA1535 = {
			isa = PBXGroup;
			children = (
				C7099B0624AF20BB00FA1535 /* addtasks */,
				C7099B0524AF20BB00FA1535 /* Products */,
			);
			sourceTree = "<group>";
		};
		C7099B0524AF20BB00FA1535 /* Products */ = {
			isa = PBXGroup;
			children = (
				C7099B0424AF20BB00FA1535 /* addtasks.app */,
			);
			name = Products;
			sourceTree = "<group>";
		};
		C7099B0624AF20BB00FA1535 /* addtasks */ = {
			isa = PBXGroup;
			children = (
				C708C5AA24BA42F200F36584 /* CoreData */,
				C74CC23224B071E6004748B0 /* VC */,
				C7099B0724AF20BB00FA1535 /* AppDelegate.swift */,
				C7099B0924AF20BB00FA1535 /* ViewController.swift */,
				C7099B0B24AF20BB00FA1535 /* Main.storyboard */,
				C7099B0E24AF20BB00FA1535 /* Assets.xcassets */,
				C7099B1024AF20BB00FA1535 /* LaunchScreen.storyboard */,
				C7099B1324AF20BB00FA1535 /* Info.plist */,
				1536894224BC824D00E1A6F1 /* LoginViewController.swift */,
			);
			path = addtasks;
			sourceTree = "<group>";
		};
		C74CC23224B071E6004748B0 /* VC */ = {
			isa = PBXGroup;
			children = (
				C74CC23524B0729F004748B0 /* TodoTableViewController.swift */,
				15ECE49124B86A5900C46BD6 /* TodoViewController.swift */,
			);
			path = VC;
			sourceTree = "<group>";
		};
/* End PBXGroup section */

/* Begin PBXNativeTarget section */
		C7099B0324AF20BB00FA1535 /* addtasks */ = {
			isa = PBXNativeTarget;
			buildConfigurationList = C7099B1624AF20BB00FA1535 /* Build configuration list for PBXNativeTarget "addtasks" */;
			buildPhases = (
				C7099B0024AF20BB00FA1535 /* Sources */,
				C7099B0124AF20BB00FA1535 /* Frameworks */,
				C7099B0224AF20BB00FA1535 /* Resources */,
			);
			buildRules = (
			);
			dependencies = (
			);
			name = addtasks;
			productName = addtasks;
			productReference = C7099B0424AF20BB00FA1535 /* addtasks.app */;
			productType = "com.apple.product-type.application";
		};
/* End PBXNativeTarget section */

/* Begin PBXProject section */
		C7099AFC24AF20BA00FA1535 /* Project object */ = {
			isa = PBXProject;
			attributes = {
				LastSwiftUpdateCheck = 0920;
				LastUpgradeCheck = 0920;
				ORGANIZATIONNAME = "dardan bakiu";
				TargetAttributes = {
					C7099B0324AF20BB00FA1535 = {
						CreatedOnToolsVersion = 9.2;
						ProvisioningStyle = Automatic;
					};
				};
			};
			buildConfigurationList = C7099AFF24AF20BA00FA1535 /* Build configuration list for PBXProject "addtasks" */;
			compatibilityVersion = "Xcode 8.0";
			developmentRegion = en;
			hasScannedForEncodings = 0;
			knownRegions = (
				en,
				Base,
			);
			mainGroup = C7099AFB24AF20BA00FA1535;
			productRefGroup = C7099B0524AF20BB00FA1535 /* Products */;
			projectDirPath = "";
			projectRoot = "";
			targets = (
				C7099B0324AF20BB00FA1535 /* addtasks */,
			);
		};
/* End PBXProject section */

/* Begin PBXResourcesBuildPhase section */
		C7099B0224AF20BB00FA1535 /* Resources */ = {
			isa = PBXResourcesBuildPhase;
			buildActionMask = 2147483647;
			files = (
				C7099B1224AF20BB00FA1535 /* LaunchScreen.storyboard in Resources */,
				C7099B0F24AF20BB00FA1535 /* Assets.xcassets in Resources */,
				C7099B0D24AF20BB00FA1535 /* Main.storyboard in Resources */,
			);
			runOnlyForDeploymentPostprocessing = 0;
		};
/* End PBXResourcesBuildPhase section */

/* Begin PBXSourcesBuildPhase section */
		C7099B0024AF20BB00FA1535 /* Sources */ = {
			isa = PBXSourcesBuildPhase;
			buildActionMask = 2147483647;
			files = (
				1536894324BC824E00E1A6F1 /* LoginViewController.swift in Sources */,
				15ECE49224B86A5900C46BD6 /* TodoViewController.swift in Sources */,
				C708C5AD24BA433800F36584 /* Todos.xcdatamodeld in Sources */,
				C7099B0A24AF20BB00FA1535 /* ViewController.swift in Sources */,
				15EDB1F724BA783D000B977B /* CoreDataStack.swift in Sources */,
				C74CC23624B0729F004748B0 /* TodoTableViewController.swift in Sources */,
				C7099B0824AF20BB00FA1535 /* AppDelegate.swift in Sources */,
			);
			runOnlyForDeploymentPostprocessing = 0;
		};
/* End PBXSourcesBuildPhase section */

/* Begin PBXVariantGroup section */
		C7099B0B24AF20BB00FA1535 /* Main.storyboard */ = {
			isa = PBXVariantGroup;
			children = (
				C7099B0C24AF20BB00FA1535 /* Base */,
			);
			name = Main.storyboard;
			sourceTree = "<group>";
		};
		C7099B1024AF20BB00FA1535 /* LaunchScreen.storyboard */ = {
			isa = PBXVariantGroup;
			children = (
				C7099B1124AF20BB00FA1535 /* Base */,
			);
			name = LaunchScreen.storyboard;
			sourceTree = "<group>";
		};
/* End PBXVariantGroup section */

/* Begin XCBuildConfiguration section */
		C7099B1424AF20BB00FA1535 /* Debug */ = {
			isa = XCBuildConfiguration;
			buildSettings = {
				ALWAYS_SEARCH_USER_PATHS = NO;
				CLANG_ANALYZER_NONNULL = YES;
				CLANG_ANALYZER_NUMBER_OBJECT_CONVERSION = YES_AGGRESSIVE;
				CLANG_CXX_LANGUAGE_STANDARD = "gnu++14";
				CLANG_CXX_LIBRARY = "libc++";
				CLANG_ENABLE_MODULES = YES;
				CLANG_ENABLE_OBJC_ARC = YES;
				CLANG_WARN_BLOCK_CAPTURE_AUTORELEASING = YES;
				CLANG_WARN_BOOL_CONVERSION = YES;
				CLANG_WARN_COMMA = YES;
				CLANG_WARN_CONSTANT_CONVERSION = YES;
				CLANG_WARN_DIRECT_OBJC_ISA_USAGE = YES_ERROR;
				CLANG_WARN_DOCUMENTATION_COMMENTS = YES;
				CLANG_WARN_EMPTY_BODY = YES;
				CLANG_WARN_ENUM_CONVERSION = YES;
				CLANG_WARN_INFINITE_RECURSION = YES;
				CLANG_WARN_INT_CONVERSION = YES;
				CLANG_WARN_NON_LITERAL_NULL_CONVERSION = YES;
				CLANG_WARN_OBJC_LITERAL_CONVERSION = YES;
				CLANG_WARN_OBJC_ROOT_CLASS = YES_ERROR;
				CLANG_WARN_RANGE_LOOP_ANALYSIS = YES;
				CLANG_WARN_STRICT_PROTOTYPES = YES;
				CLANG_WARN_SUSPICIOUS_MOVE = YES;
				CLANG_WARN_UNGUARDED_AVAILABILITY = YES_AGGRESSIVE;
				CLANG_WARN_UNREACHABLE_CODE = YES;
				CLANG_WARN__DUPLICATE_METHOD_MATCH = YES;
				CODE_SIGN_IDENTITY = "iPhone Developer";
				COPY_PHASE_STRIP = NO;
				DEBUG_INFORMATION_FORMAT = dwarf;
				ENABLE_STRICT_OBJC_MSGSEND = YES;
				ENABLE_TESTABILITY = YES;
				GCC_C_LANGUAGE_STANDARD = gnu11;
				GCC_DYNAMIC_NO_PIC = NO;
				GCC_NO_COMMON_BLOCKS = YES;
				GCC_OPTIMIZATION_LEVEL = 0;
				GCC_PREPROCESSOR_DEFINITIONS = (
					"DEBUG=1",
					"$(inherited)",
				);
				GCC_WARN_64_TO_32_BIT_CONVERSION = YES;
				GCC_WARN_ABOUT_RETURN_TYPE = YES_ERROR;
				GCC_WARN_UNDECLARED_SELECTOR = YES;
				GCC_WARN_UNINITIALIZED_AUTOS = YES_AGGRESSIVE;
				GCC_WARN_UNUSED_FUNCTION = YES;
				GCC_WARN_UNUSED_VARIABLE = YES;
				IPHONEOS_DEPLOYMENT_TARGET = 11.2;
				MTL_ENABLE_DEBUG_INFO = YES;
				ONLY_ACTIVE_ARCH = YES;
				SDKROOT = iphoneos;
				SWIFT_ACTIVE_COMPILATION_CONDITIONS = DEBUG;
				SWIFT_OPTIMIZATION_LEVEL = "-Onone";
			};
			name = Debug;
		};
		C7099B1524AF20BB00FA1535 /* Release */ = {
			isa = XCBuildConfiguration;
			buildSettings = {
				ALWAYS_SEARCH_USER_PATHS = NO;
				CLANG_ANALYZER_NONNULL = YES;
				CLANG_ANALYZER_NUMBER_OBJECT_CONVERSION = YES_AGGRESSIVE;
				CLANG_CXX_LANGUAGE_STANDARD = "gnu++14";
				CLANG_CXX_LIBRARY = "libc++";
				CLANG_ENABLE_MODULES = YES;
				CLANG_ENABLE_OBJC_ARC = YES;
				CLANG_WARN_BLOCK_CAPTURE_AUTORELEASING = YES;
				CLANG_WARN_BOOL_CONVERSION = YES;
				CLANG_WARN_COMMA = YES;
				CLANG_WARN_CONSTANT_CONVERSION = YES;
				CLANG_WARN_DIRECT_OBJC_ISA_USAGE = YES_ERROR;
				CLANG_WARN_DOCUMENTATION_COMMENTS = YES;
				CLANG_WARN_EMPTY_BODY = YES;
				CLANG_WARN_ENUM_CONVERSION = YES;
				CLANG_WARN_INFINITE_RECURSION = YES;
				CLANG_WARN_INT_CONVERSION = YES;
				CLANG_WARN_NON_LITERAL_NULL_CONVERSION = YES;
				CLANG_WARN_OBJC_LITERAL_CONVERSION = YES;
				CLANG_WARN_OBJC_ROOT_CLASS = YES_ERROR;
				CLANG_WARN_RANGE_LOOP_ANALYSIS = YES;
				CLANG_WARN_STRICT_PROTOTYPES = YES;
				CLANG_WARN_SUSPICIOUS_MOVE = YES;
				CLANG_WARN_UNGUARDED_AVAILABILITY = YES_AGGRESSIVE;
				CLANG_WARN_UNREACHABLE_CODE = YES;
				CLANG_WARN__DUPLICATE_METHOD_MATCH = YES;
				CODE_SIGN_IDENTITY = "iPhone Developer";
				COPY_PHASE_STRIP = NO;
				DEBUG_INFORMATION_FORMAT = "dwarf-with-dsym";
				ENABLE_NS_ASSERTIONS = NO;
				ENABLE_STRICT_OBJC_MSGSEND = YES;
				GCC_C_LANGUAGE_STANDARD = gnu11;
				GCC_NO_COMMON_BLOCKS = YES;
				GCC_WARN_64_TO_32_BIT_CONVERSION = YES;
				GCC_WARN_ABOUT_RETURN_TYPE = YES_ERROR;
				GCC_WARN_UNDECLARED_SELECTOR = YES;
				GCC_WARN_UNINITIALIZED_AUTOS = YES_AGGRESSIVE;
				GCC_WARN_UNUSED_FUNCTION = YES;
				GCC_WARN_UNUSED_VARIABLE = YES;
				IPHONEOS_DEPLOYMENT_TARGET = 11.2;
				MTL_ENABLE_DEBUG_INFO = NO;
				SDKROOT = iphoneos;
				SWIFT_OPTIMIZATION_LEVEL = "-Owholemodule";
				VALIDATE_PRODUCT = YES;
			};
			name = Release;
		};
		C7099B1724AF20BB00FA1535 /* Debug */ = {
			isa = XCBuildConfiguration;
			buildSettings = {
				ASSETCATALOG_COMPILER_APPICON_NAME = AppIcon;
				CODE_SIGN_STYLE = Automatic;
				INFOPLIST_FILE = addtasks/Info.plist;
				LD_RUNPATH_SEARCH_PATHS = "$(inherited) @executable_path/Frameworks";
				PRODUCT_BUNDLE_IDENTIFIER = fiek.addtasks;
				PRODUCT_NAME = "$(TARGET_NAME)";
				SWIFT_VERSION = 4.0;
				TARGETED_DEVICE_FAMILY = "1,2";
			};
			name = Debug;
		};
		C7099B1824AF20BB00FA1535 /* Release */ = {
			isa = XCBuildConfiguration;
			buildSettings = {
				ASSETCATALOG_COMPILER_APPICON_NAME = AppIcon;
				CODE_SIGN_STYLE = Automatic;
				INFOPLIST_FILE = addtasks/Info.plist;
				LD_RUNPATH_SEARCH_PATHS = "$(inherited) @executable_path/Frameworks";
				PRODUCT_BUNDLE_IDENTIFIER = fiek.addtasks;
				PRODUCT_NAME = "$(TARGET_NAME)";
				SWIFT_VERSION = 4.0;
				TARGETED_DEVICE_FAMILY = "1,2";
			};
			name = Release;
		};
/* End XCBuildConfiguration section */

/* Begin XCConfigurationList section */
		C7099AFF24AF20BA00FA1535 /* Build configuration list for PBXProject "addtasks" */ = {
			isa = XCConfigurationList;
			buildConfigurations = (
				C7099B1424AF20BB00FA1535 /* Debug */,
				C7099B1524AF20BB00FA1535 /* Release */,
			);
			defaultConfigurationIsVisible = 0;
			defaultConfigurationName = Release;
		};
		C7099B1624AF20BB00FA1535 /* Build configuration list for PBXNativeTarget "addtasks" */ = {
			isa = XCConfigurationList;
			buildConfigurations = (
				C7099B1724AF20BB00FA1535 /* Debug */,
				C7099B1824AF20BB00FA1535 /* Release */,
			);
			defaultConfigurationIsVisible = 0;
			defaultConfigurationName = Release;
		};
/* End XCConfigurationList section */

/* Begin XCVersionGroup section */
		C708C5AB24BA433800F36584 /* Todos.xcdatamodeld */ = {
			isa = XCVersionGroup;
			children = (
				C708C5AC24BA433800F36584 /* Todos.xcdatamodel */,
			);
			currentVersion = C708C5AC24BA433800F36584 /* Todos.xcdatamodel */;
			path = Todos.xcdatamodeld;
			sourceTree = "<group>";
			versionGroupType = wrapper.xcdatamodel;
		};
/* End XCVersionGroup section */
	};
	rootObject = C7099AFC24AF20BA00FA1535 /* Project object */;
}
